// !$*UTF8*$!
{
	archiveVersion = 1;
	classes = {
	};
	objectVersion = 46;
	objects = {

/* Begin PBXBuildFile section */
		06AB8797CE8678B23C545A32 /* Pods_DITAssessment.framework in Frameworks */ = {isa = PBXBuildFile; fileRef = 773056548253B82B67310142 /* Pods_DITAssessment.framework */; };
		2BFCDC281E57D5BD000F135A /* AppDelegate.swift in Sources */ = {isa = PBXBuildFile; fileRef = 2BFCDC271E57D5BD000F135A /* AppDelegate.swift */; };
		2BFCDC2D1E57D5BD000F135A /* Main.storyboard in Resources */ = {isa = PBXBuildFile; fileRef = 2BFCDC2B1E57D5BD000F135A /* Main.storyboard */; };
		2BFCDC301E57D5BD000F135A /* DITAssessment.xcdatamodeld in Sources */ = {isa = PBXBuildFile; fileRef = 2BFCDC2E1E57D5BD000F135A /* DITAssessment.xcdatamodeld */; };
		2BFCDC321E57D5BD000F135A /* Assets.xcassets in Resources */ = {isa = PBXBuildFile; fileRef = 2BFCDC311E57D5BD000F135A /* Assets.xcassets */; };
		2BFCDC351E57D5BD000F135A /* LaunchScreen.storyboard in Resources */ = {isa = PBXBuildFile; fileRef = 2BFCDC331E57D5BD000F135A /* LaunchScreen.storyboard */; };
		2BFCDC3D1E57D86C000F135A /* LoginViewController.swift in Sources */ = {isa = PBXBuildFile; fileRef = 2BFCDC3C1E57D86C000F135A /* LoginViewController.swift */; };
		2BFCDC3F1E57D884000F135A /* RegisterViewController.swift in Sources */ = {isa = PBXBuildFile; fileRef = 2BFCDC3E1E57D884000F135A /* RegisterViewController.swift */; };
		2BFCDC411E57DF06000F135A /* Preferences ViewController.swift in Sources */ = {isa = PBXBuildFile; fileRef = 2BFCDC401E57DF06000F135A /* Preferences ViewController.swift */; };
		2BFCDC4A1E57EC29000F135A /* M13Checkbox.swift in Sources */ = {isa = PBXBuildFile; fileRef = 2BFCDC451E57EC29000F135A /* M13Checkbox.swift */; };
		2BFCDC4B1E57EC29000F135A /* M13Checkbox+IB.swift in Sources */ = {isa = PBXBuildFile; fileRef = 2BFCDC461E57EC29000F135A /* M13Checkbox+IB.swift */; };
		2BFCDC4C1E57EC29000F135A /* M13CheckboxAnimationGenerator.swift in Sources */ = {isa = PBXBuildFile; fileRef = 2BFCDC471E57EC29000F135A /* M13CheckboxAnimationGenerator.swift */; };
		2BFCDC4D1E57EC29000F135A /* M13CheckboxController.swift in Sources */ = {isa = PBXBuildFile; fileRef = 2BFCDC481E57EC29000F135A /* M13CheckboxController.swift */; };
		2BFCDC4E1E57EC29000F135A /* M13CheckboxGestureRecognizer.swift in Sources */ = {isa = PBXBuildFile; fileRef = 2BFCDC491E57EC29000F135A /* M13CheckboxGestureRecognizer.swift */; };
		2BFCDC581E57EC3B000F135A /* M13CheckboxBounceController.swift in Sources */ = {isa = PBXBuildFile; fileRef = 2BFCDC501E57EC3B000F135A /* M13CheckboxBounceController.swift */; };
		2BFCDC591E57EC3B000F135A /* M13CheckboxDotController.swift in Sources */ = {isa = PBXBuildFile; fileRef = 2BFCDC511E57EC3B000F135A /* M13CheckboxDotController.swift */; };
		2BFCDC5A1E57EC3B000F135A /* M13CheckboxExpandController.swift in Sources */ = {isa = PBXBuildFile; fileRef = 2BFCDC521E57EC3B000F135A /* M13CheckboxExpandController.swift */; };
		2BFCDC5B1E57EC3B000F135A /* M13CheckboxFadeController.swift in Sources */ = {isa = PBXBuildFile; fileRef = 2BFCDC531E57EC3B000F135A /* M13CheckboxFadeController.swift */; };
		2BFCDC5C1E57EC3B000F135A /* M13CheckboxFillController.swift in Sources */ = {isa = PBXBuildFile; fileRef = 2BFCDC541E57EC3B000F135A /* M13CheckboxFillController.swift */; };
		2BFCDC5D1E57EC3B000F135A /* M13CheckboxFlatController.swift in Sources */ = {isa = PBXBuildFile; fileRef = 2BFCDC551E57EC3B000F135A /* M13CheckboxFlatController.swift */; };
		2BFCDC5E1E57EC3B000F135A /* M13CheckboxSpiralController.swift in Sources */ = {isa = PBXBuildFile; fileRef = 2BFCDC561E57EC3B000F135A /* M13CheckboxSpiralController.swift */; };
		2BFCDC5F1E57EC3B000F135A /* M13CheckboxStrokeController.swift in Sources */ = {isa = PBXBuildFile; fileRef = 2BFCDC571E57EC3B000F135A /* M13CheckboxStrokeController.swift */; };
		2BFCDC661E57EC4B000F135A /* M13CheckboxAddRemovePathGenerator.swift in Sources */ = {isa = PBXBuildFile; fileRef = 2BFCDC611E57EC4B000F135A /* M13CheckboxAddRemovePathGenerator.swift */; };
		2BFCDC671E57EC4B000F135A /* M13CheckboxCheckPathGenerator.swift in Sources */ = {isa = PBXBuildFile; fileRef = 2BFCDC621E57EC4B000F135A /* M13CheckboxCheckPathGenerator.swift */; };
		2BFCDC681E57EC4B000F135A /* M13CheckboxDisclosurePathGenerator.swift in Sources */ = {isa = PBXBuildFile; fileRef = 2BFCDC631E57EC4B000F135A /* M13CheckboxDisclosurePathGenerator.swift */; };
		2BFCDC691E57EC4B000F135A /* M13CheckboxPathGenerator.swift in Sources */ = {isa = PBXBuildFile; fileRef = 2BFCDC641E57EC4B000F135A /* M13CheckboxPathGenerator.swift */; };
		2BFCDC6A1E57EC4B000F135A /* M13CheckboxRadioPathGenerator.swift in Sources */ = {isa = PBXBuildFile; fileRef = 2BFCDC651E57EC4B000F135A /* M13CheckboxRadioPathGenerator.swift */; };
		2BFCDC6C1E57F646000F135A /* FormViewController.swift in Sources */ = {isa = PBXBuildFile; fileRef = 2BFCDC6B1E57F646000F135A /* FormViewController.swift */; };
/* End PBXBuildFile section */

/* Begin PBXFileReference section */
		1FE1118598F4994BC56564F2 /* Pods-DITAssessment.debug.xcconfig */ = {isa = PBXFileReference; includeInIndex = 1; lastKnownFileType = text.xcconfig; name = "Pods-DITAssessment.debug.xcconfig"; path = "Pods/Target Support Files/Pods-DITAssessment/Pods-DITAssessment.debug.xcconfig"; sourceTree = "<group>"; };
		2BFCDC241E57D5BD000F135A /* DITAssessment.app */ = {isa = PBXFileReference; explicitFileType = wrapper.application; includeInIndex = 0; path = DITAssessment.app; sourceTree = BUILT_PRODUCTS_DIR; };
		2BFCDC271E57D5BD000F135A /* AppDelegate.swift */ = {isa = PBXFileReference; lastKnownFileType = sourcecode.swift; path = AppDelegate.swift; sourceTree = "<group>"; };
		2BFCDC2C1E57D5BD000F135A /* Base */ = {isa = PBXFileReference; lastKnownFileType = file.storyboard; name = Base; path = Base.lproj/Main.storyboard; sourceTree = "<group>"; };
		2BFCDC2F1E57D5BD000F135A /* DITAssessment.xcdatamodel */ = {isa = PBXFileReference; lastKnownFileType = wrapper.xcdatamodel; path = DITAssessment.xcdatamodel; sourceTree = "<group>"; };
		2BFCDC311E57D5BD000F135A /* Assets.xcassets */ = {isa = PBXFileReference; lastKnownFileType = folder.assetcatalog; path = Assets.xcassets; sourceTree = "<group>"; };
		2BFCDC341E57D5BD000F135A /* Base */ = {isa = PBXFileReference; lastKnownFileType = file.storyboard; name = Base; path = Base.lproj/LaunchScreen.storyboard; sourceTree = "<group>"; };
		2BFCDC361E57D5BD000F135A /* Info.plist */ = {isa = PBXFileReference; lastKnownFileType = text.plist.xml; path = Info.plist; sourceTree = "<group>"; };
		2BFCDC3C1E57D86C000F135A /* LoginViewController.swift */ = {isa = PBXFileReference; fileEncoding = 4; lastKnownFileType = sourcecode.swift; path = LoginViewController.swift; sourceTree = "<group>"; };
		2BFCDC3E1E57D884000F135A /* RegisterViewController.swift */ = {isa = PBXFileReference; fileEncoding = 4; lastKnownFileType = sourcecode.swift; path = RegisterViewController.swift; sourceTree = "<group>"; };
		2BFCDC401E57DF06000F135A /* Preferences ViewController.swift */ = {isa = PBXFileReference; fileEncoding = 4; lastKnownFileType = sourcecode.swift; path = "Preferences ViewController.swift"; sourceTree = "<group>"; };
		2BFCDC451E57EC29000F135A /* M13Checkbox.swift */ = {isa = PBXFileReference; fileEncoding = 4; lastKnownFileType = sourcecode.swift; name = M13Checkbox.swift; path = Sources/M13Checkbox.swift; sourceTree = "<group>"; };
		2BFCDC461E57EC29000F135A /* M13Checkbox+IB.swift */ = {isa = PBXFileReference; fileEncoding = 4; lastKnownFileType = sourcecode.swift; name = "M13Checkbox+IB.swift"; path = "Sources/M13Checkbox+IB.swift"; sourceTree = "<group>"; };
		2BFCDC471E57EC29000F135A /* M13CheckboxAnimationGenerator.swift */ = {isa = PBXFileReference; fileEncoding = 4; lastKnownFileType = sourcecode.swift; name = M13CheckboxAnimationGenerator.swift; path = Sources/M13CheckboxAnimationGenerator.swift; sourceTree = "<group>"; };
		2BFCDC481E57EC29000F135A /* M13CheckboxController.swift */ = {isa = PBXFileReference; fileEncoding = 4; lastKnownFileType = sourcecode.swift; name = M13CheckboxController.swift; path = Sources/M13CheckboxController.swift; sourceTree = "<group>"; };
		2BFCDC491E57EC29000F135A /* M13CheckboxGestureRecognizer.swift */ = {isa = PBXFileReference; fileEncoding = 4; lastKnownFileType = sourcecode.swift; name = M13CheckboxGestureRecognizer.swift; path = Sources/M13CheckboxGestureRecognizer.swift; sourceTree = "<group>"; };
		2BFCDC501E57EC3B000F135A /* M13CheckboxBounceController.swift */ = {isa = PBXFileReference; fileEncoding = 4; lastKnownFileType = sourcecode.swift; name = M13CheckboxBounceController.swift; path = Sources/Managers/M13CheckboxBounceController.swift; sourceTree = "<group>"; };
		2BFCDC511E57EC3B000F135A /* M13CheckboxDotController.swift */ = {isa = PBXFileReference; fileEncoding = 4; lastKnownFileType = sourcecode.swift; name = M13CheckboxDotController.swift; path = Sources/Managers/M13CheckboxDotController.swift; sourceTree = "<group>"; };
		2BFCDC521E57EC3B000F135A /* M13CheckboxExpandController.swift */ = {isa = PBXFileReference; fileEncoding = 4; lastKnownFileType = sourcecode.swift; name = M13CheckboxExpandController.swift; path = Sources/Managers/M13CheckboxExpandController.swift; sourceTree = "<group>"; };
		2BFCDC531E57EC3B000F135A /* M13CheckboxFadeController.swift */ = {isa = PBXFileReference; fileEncoding = 4; lastKnownFileType = sourcecode.swift; name = M13CheckboxFadeController.swift; path = Sources/Managers/M13CheckboxFadeController.swift; sourceTree = "<group>"; };
		2BFCDC541E57EC3B000F135A /* M13CheckboxFillController.swift */ = {isa = PBXFileReference; fileEncoding = 4; lastKnownFileType = sourcecode.swift; name = M13CheckboxFillController.swift; path = Sources/Managers/M13CheckboxFillController.swift; sourceTree = "<group>"; };
		2BFCDC551E57EC3B000F135A /* M13CheckboxFlatController.swift */ = {isa = PBXFileReference; fileEncoding = 4; lastKnownFileType = sourcecode.swift; name = M13CheckboxFlatController.swift; path = Sources/Managers/M13CheckboxFlatController.swift; sourceTree = "<group>"; };
		2BFCDC561E57EC3B000F135A /* M13CheckboxSpiralController.swift */ = {isa = PBXFileReference; fileEncoding = 4; lastKnownFileType = sourcecode.swift; name = M13CheckboxSpiralController.swift; path = Sources/Managers/M13CheckboxSpiralController.swift; sourceTree = "<group>"; };
		2BFCDC571E57EC3B000F135A /* M13CheckboxStrokeController.swift */ = {isa = PBXFileReference; fileEncoding = 4; lastKnownFileType = sourcecode.swift; name = M13CheckboxStrokeController.swift; path = Sources/Managers/M13CheckboxStrokeController.swift; sourceTree = "<group>"; };
		2BFCDC611E57EC4B000F135A /* M13CheckboxAddRemovePathGenerator.swift */ = {isa = PBXFileReference; fileEncoding = 4; lastKnownFileType = sourcecode.swift; name = M13CheckboxAddRemovePathGenerator.swift; path = Sources/Paths/M13CheckboxAddRemovePathGenerator.swift; sourceTree = "<group>"; };
		2BFCDC621E57EC4B000F135A /* M13CheckboxCheckPathGenerator.swift */ = {isa = PBXFileReference; fileEncoding = 4; lastKnownFileType = sourcecode.swift; name = M13CheckboxCheckPathGenerator.swift; path = Sources/Paths/M13CheckboxCheckPathGenerator.swift; sourceTree = "<group>"; };
		2BFCDC631E57EC4B000F135A /* M13CheckboxDisclosurePathGenerator.swift */ = {isa = PBXFileReference; fileEncoding = 4; lastKnownFileType = sourcecode.swift; name = M13CheckboxDisclosurePathGenerator.swift; path = Sources/Paths/M13CheckboxDisclosurePathGenerator.swift; sourceTree = "<group>"; };
		2BFCDC641E57EC4B000F135A /* M13CheckboxPathGenerator.swift */ = {isa = PBXFileReference; fileEncoding = 4; lastKnownFileType = sourcecode.swift; name = M13CheckboxPathGenerator.swift; path = Sources/Paths/M13CheckboxPathGenerator.swift; sourceTree = "<group>"; };
		2BFCDC651E57EC4B000F135A /* M13CheckboxRadioPathGenerator.swift */ = {isa = PBXFileReference; fileEncoding = 4; lastKnownFileType = sourcecode.swift; name = M13CheckboxRadioPathGenerator.swift; path = Sources/Paths/M13CheckboxRadioPathGenerator.swift; sourceTree = "<group>"; };
		2BFCDC6B1E57F646000F135A /* FormViewController.swift */ = {isa = PBXFileReference; fileEncoding = 4; lastKnownFileType = sourcecode.swift; path = FormViewController.swift; sourceTree = "<group>"; };
		773056548253B82B67310142 /* Pods_DITAssessment.framework */ = {isa = PBXFileReference; explicitFileType = wrapper.framework; includeInIndex = 0; path = Pods_DITAssessment.framework; sourceTree = BUILT_PRODUCTS_DIR; };
		FBD4867587BB641B8628E38D /* Pods-DITAssessment.release.xcconfig */ = {isa = PBXFileReference; includeInIndex = 1; lastKnownFileType = text.xcconfig; name = "Pods-DITAssessment.release.xcconfig"; path = "Pods/Target Support Files/Pods-DITAssessment/Pods-DITAssessment.release.xcconfig"; sourceTree = "<group>"; };
/* End PBXFileReference section */

/* Begin PBXFrameworksBuildPhase section */
		2BFCDC211E57D5BD000F135A /* Frameworks */ = {
			isa = PBXFrameworksBuildPhase;
			buildActionMask = 2147483647;
			files = (
				06AB8797CE8678B23C545A32 /* Pods_DITAssessment.framework in Frameworks */,
			);
			runOnlyForDeploymentPostprocessing = 0;
		};
/* End PBXFrameworksBuildPhase section */

/* Begin PBXGroup section */
		2BFCDC1B1E57D5BD000F135A = {
			isa = PBXGroup;
			children = (
				2BFCDC261E57D5BD000F135A /* DITAssessment */,
				2BFCDC251E57D5BD000F135A /* Products */,
				C5022CD35CE4BB8DC2536F67 /* Pods */,
				6FD90B8CA5CB4C41DB195850 /* Frameworks */,
			);
			sourceTree = "<group>";
		};
		2BFCDC251E57D5BD000F135A /* Products */ = {
			isa = PBXGroup;
			children = (
				2BFCDC241E57D5BD000F135A /* DITAssessment.app */,
			);
			name = Products;
			sourceTree = "<group>";
		};
		2BFCDC261E57D5BD000F135A /* DITAssessment */ = {
			isa = PBXGroup;
			children = (
				2BFCDC271E57D5BD000F135A /* AppDelegate.swift */,
				2BFCDC2B1E57D5BD000F135A /* Main.storyboard */,
				2BFCDC3C1E57D86C000F135A /* LoginViewController.swift */,
				2BFCDC3E1E57D884000F135A /* RegisterViewController.swift */,
				2BFCDC401E57DF06000F135A /* Preferences ViewController.swift */,
				2BFCDC6B1E57F646000F135A /* FormViewController.swift */,
				2BFCDC421E57EBF8000F135A /* M13Checkbox */,
				2BFCDC311E57D5BD000F135A /* Assets.xcassets */,
				2BFCDC331E57D5BD000F135A /* LaunchScreen.storyboard */,
				2BFCDC361E57D5BD000F135A /* Info.plist */,
				2BFCDC2E1E57D5BD000F135A /* DITAssessment.xcdatamodeld */,
			);
			path = DITAssessment;
			sourceTree = "<group>";
		};
		2BFCDC421E57EBF8000F135A /* M13Checkbox */ = {
			isa = PBXGroup;
			children = (
				2BFCDC451E57EC29000F135A /* M13Checkbox.swift */,
				2BFCDC461E57EC29000F135A /* M13Checkbox+IB.swift */,
				2BFCDC471E57EC29000F135A /* M13CheckboxAnimationGenerator.swift */,
				2BFCDC481E57EC29000F135A /* M13CheckboxController.swift */,
				2BFCDC491E57EC29000F135A /* M13CheckboxGestureRecognizer.swift */,
				2BFCDC4F1E57EC2F000F135A /* Managers */,
				2BFCDC601E57EC43000F135A /* Paths */,
			);
			name = M13Checkbox;
			sourceTree = "<group>";
		};
		2BFCDC4F1E57EC2F000F135A /* Managers */ = {
			isa = PBXGroup;
			children = (
				2BFCDC501E57EC3B000F135A /* M13CheckboxBounceController.swift */,
				2BFCDC511E57EC3B000F135A /* M13CheckboxDotController.swift */,
				2BFCDC521E57EC3B000F135A /* M13CheckboxExpandController.swift */,
				2BFCDC531E57EC3B000F135A /* M13CheckboxFadeController.swift */,
				2BFCDC541E57EC3B000F135A /* M13CheckboxFillController.swift */,
				2BFCDC551E57EC3B000F135A /* M13CheckboxFlatController.swift */,
				2BFCDC561E57EC3B000F135A /* M13CheckboxSpiralController.swift */,
				2BFCDC571E57EC3B000F135A /* M13CheckboxStrokeController.swift */,
			);
			name = Managers;
			sourceTree = "<group>";
		};
		2BFCDC601E57EC43000F135A /* Paths */ = {
			isa = PBXGroup;
			children = (
				2BFCDC611E57EC4B000F135A /* M13CheckboxAddRemovePathGenerator.swift */,
				2BFCDC621E57EC4B000F135A /* M13CheckboxCheckPathGenerator.swift */,
				2BFCDC631E57EC4B000F135A /* M13CheckboxDisclosurePathGenerator.swift */,
				2BFCDC641E57EC4B000F135A /* M13CheckboxPathGenerator.swift */,
				2BFCDC651E57EC4B000F135A /* M13CheckboxRadioPathGenerator.swift */,
			);
			name = Paths;
			sourceTree = "<group>";
		};
		6FD90B8CA5CB4C41DB195850 /* Frameworks */ = {
			isa = PBXGroup;
			children = (
				773056548253B82B67310142 /* Pods_DITAssessment.framework */,
			);
			name = Frameworks;
			sourceTree = "<group>";
		};
		C5022CD35CE4BB8DC2536F67 /* Pods */ = {
			isa = PBXGroup;
			children = (
				1FE1118598F4994BC56564F2 /* Pods-DITAssessment.debug.xcconfig */,
				FBD4867587BB641B8628E38D /* Pods-DITAssessment.release.xcconfig */,
			);
			name = Pods;
			sourceTree = "<group>";
		};
/* End PBXGroup section */

/* Begin PBXNativeTarget section */
		2BFCDC231E57D5BD000F135A /* DITAssessment */ = {
			isa = PBXNativeTarget;
			buildConfigurationList = 2BFCDC391E57D5BD000F135A /* Build configuration list for PBXNativeTarget "DITAssessment" */;
			buildPhases = (
				4D5396FE0EE24E4AF18A2D9E /* [CP] Check Pods Manifest.lock */,
				2BFCDC201E57D5BD000F135A /* Sources */,
				2BFCDC211E57D5BD000F135A /* Frameworks */,
				2BFCDC221E57D5BD000F135A /* Resources */,
				AB883C2E0557FA1591FC488B /* [CP] Embed Pods Frameworks */,
				D61892E2772D1F5219579BE4 /* [CP] Copy Pods Resources */,
			);
			buildRules = (
			);
			dependencies = (
			);
			name = DITAssessment;
			productName = DITAssessment;
			productReference = 2BFCDC241E57D5BD000F135A /* DITAssessment.app */;
			productType = "com.apple.product-type.application";
		};
/* End PBXNativeTarget section */

/* Begin PBXProject section */
		2BFCDC1C1E57D5BD000F135A /* Project object */ = {
			isa = PBXProject;
			attributes = {
				LastSwiftUpdateCheck = 0820;
				LastUpgradeCheck = 0820;
				ORGANIZATIONNAME = "Victor Hong";
				TargetAttributes = {
					2BFCDC231E57D5BD000F135A = {
						CreatedOnToolsVersion = 8.2.1;
						DevelopmentTeam = S7KV3J2AMW;
						ProvisioningStyle = Automatic;
					};
				};
			};
			buildConfigurationList = 2BFCDC1F1E57D5BD000F135A /* Build configuration list for PBXProject "DITAssessment" */;
			compatibilityVersion = "Xcode 3.2";
			developmentRegion = English;
			hasScannedForEncodings = 0;
			knownRegions = (
				en,
				Base,
			);
			mainGroup = 2BFCDC1B1E57D5BD000F135A;
			productRefGroup = 2BFCDC251E57D5BD000F135A /* Products */;
			projectDirPath = "";
			projectRoot = "";
			targets = (
				2BFCDC231E57D5BD000F135A /* DITAssessment */,
			);
		};
/* End PBXProject section */

/* Begin PBXResourcesBuildPhase section */
		2BFCDC221E57D5BD000F135A /* Resources */ = {
			isa = PBXResourcesBuildPhase;
			buildActionMask = 2147483647;
			files = (
				2BFCDC351E57D5BD000F135A /* LaunchScreen.storyboard in Resources */,
				2BFCDC321E57D5BD000F135A /* Assets.xcassets in Resources */,
				2BFCDC2D1E57D5BD000F135A /* Main.storyboard in Resources */,
			);
			runOnlyForDeploymentPostprocessing = 0;
		};
/* End PBXResourcesBuildPhase section */

/* Begin PBXShellScriptBuildPhase section */
		4D5396FE0EE24E4AF18A2D9E /* [CP] Check Pods Manifest.lock */ = {
			isa = PBXShellScriptBuildPhase;
			buildActionMask = 2147483647;
			files = (
			);
			inputPaths = (
			);
			name = "[CP] Check Pods Manifest.lock";
			outputPaths = (
			);
			runOnlyForDeploymentPostprocessing = 0;
			shellPath = /bin/sh;
			shellScript = "diff \"${PODS_ROOT}/../Podfile.lock\" \"${PODS_ROOT}/Manifest.lock\" > /dev/null\nif [ $? != 0 ] ; then\n    # print error to STDERR\n    echo \"error: The sandbox is not in sync with the Podfile.lock. Run 'pod install' or update your CocoaPods installation.\" >&2\n    exit 1\nfi\n";
			showEnvVarsInLog = 0;
		};
		AB883C2E0557FA1591FC488B /* [CP] Embed Pods Frameworks */ = {
			isa = PBXShellScriptBuildPhase;
			buildActionMask = 2147483647;
			files = (
			);
			inputPaths = (
			);
			name = "[CP] Embed Pods Frameworks";
			outputPaths = (
			);
			runOnlyForDeploymentPostprocessing = 0;
			shellPath = /bin/sh;
			shellScript = "\"${SRCROOT}/Pods/Target Support Files/Pods-DITAssessment/Pods-DITAssessment-frameworks.sh\"\n";
			showEnvVarsInLog = 0;
		};
		D61892E2772D1F5219579BE4 /* [CP] Copy Pods Resources */ = {
			isa = PBXShellScriptBuildPhase;
			buildActionMask = 2147483647;
			files = (
			);
			inputPaths = (
			);
			name = "[CP] Copy Pods Resources";
			outputPaths = (
			);
			runOnlyForDeploymentPostprocessing = 0;
			shellPath = /bin/sh;
			shellScript = "\"${SRCROOT}/Pods/Target Support Files/Pods-DITAssessment/Pods-DITAssessment-resources.sh\"\n";
			showEnvVarsInLog = 0;
		};
/* End PBXShellScriptBuildPhase section */

/* Begin PBXSourcesBuildPhase section */
		2BFCDC201E57D5BD000F135A /* Sources */ = {
			isa = PBXSourcesBuildPhase;
			buildActionMask = 2147483647;
			files = (
				2BFCDC591E57EC3B000F135A /* M13CheckboxDotController.swift in Sources */,
				2BFCDC6A1E57EC4B000F135A /* M13CheckboxRadioPathGenerator.swift in Sources */,
				2BFCDC661E57EC4B000F135A /* M13CheckboxAddRemovePathGenerator.swift in Sources */,
				2BFCDC4A1E57EC29000F135A /* M13Checkbox.swift in Sources */,
				2BFCDC3D1E57D86C000F135A /* LoginViewController.swift in Sources */,
				2BFCDC5F1E57EC3B000F135A /* M13CheckboxStrokeController.swift in Sources */,
				2BFCDC3F1E57D884000F135A /* RegisterViewController.swift in Sources */,
				2BFCDC5A1E57EC3B000F135A /* M13CheckboxExpandController.swift in Sources */,
				2BFCDC5E1E57EC3B000F135A /* M13CheckboxSpiralController.swift in Sources */,
				2BFCDC301E57D5BD000F135A /* DITAssessment.xcdatamodeld in Sources */,
				2BFCDC581E57EC3B000F135A /* M13CheckboxBounceController.swift in Sources */,
				2BFCDC691E57EC4B000F135A /* M13CheckboxPathGenerator.swift in Sources */,
				2BFCDC671E57EC4B000F135A /* M13CheckboxCheckPathGenerator.swift in Sources */,
				2BFCDC5D1E57EC3B000F135A /* M13CheckboxFlatController.swift in Sources */,
				2BFCDC4B1E57EC29000F135A /* M13Checkbox+IB.swift in Sources */,
				2BFCDC4C1E57EC29000F135A /* M13CheckboxAnimationGenerator.swift in Sources */,
				2BFCDC5B1E57EC3B000F135A /* M13CheckboxFadeController.swift in Sources */,
				2BFCDC411E57DF06000F135A /* Preferences ViewController.swift in Sources */,
				2BFCDC4D1E57EC29000F135A /* M13CheckboxController.swift in Sources */,
				2BFCDC5C1E57EC3B000F135A /* M13CheckboxFillController.swift in Sources */,
				2BFCDC281E57D5BD000F135A /* AppDelegate.swift in Sources */,
				2BFCDC681E57EC4B000F135A /* M13CheckboxDisclosurePathGenerator.swift in Sources */,
				2BFCDC6C1E57F646000F135A /* FormViewController.swift in Sources */,
				2BFCDC4E1E57EC29000F135A /* M13CheckboxGestureRecognizer.swift in Sources */,
			);
			runOnlyForDeploymentPostprocessing = 0;
		};
/* End PBXSourcesBuildPhase section */

/* Begin PBXVariantGroup section */
		2BFCDC2B1E57D5BD000F135A /* Main.storyboard */ = {
			isa = PBXVariantGroup;
			children = (
				2BFCDC2C1E57D5BD000F135A /* Base */,
			);
			name = Main.storyboard;
			sourceTree = "<group>";
		};
		2BFCDC331E57D5BD000F135A /* LaunchScreen.storyboard */ = {
			isa = PBXVariantGroup;
			children = (
				2BFCDC341E57D5BD000F135A /* Base */,
			);
			name = LaunchScreen.storyboard;
			sourceTree = "<group>";
		};
/* End PBXVariantGroup section */

/* Begin XCBuildConfiguration section */
		2BFCDC371E57D5BD000F135A /* Debug */ = {
			isa = XCBuildConfiguration;
			buildSettings = {
				ALWAYS_SEARCH_USER_PATHS = NO;
				CLANG_ANALYZER_NONNULL = YES;
				CLANG_CXX_LANGUAGE_STANDARD = "gnu++0x";
				CLANG_CXX_LIBRARY = "libc++";
				CLANG_ENABLE_MODULES = YES;
				CLANG_ENABLE_OBJC_ARC = YES;
				CLANG_WARN_BOOL_CONVERSION = YES;
				CLANG_WARN_CONSTANT_CONVERSION = YES;
				CLANG_WARN_DIRECT_OBJC_ISA_USAGE = YES_ERROR;
				CLANG_WARN_DOCUMENTATION_COMMENTS = YES;
				CLANG_WARN_EMPTY_BODY = YES;
				CLANG_WARN_ENUM_CONVERSION = YES;
				CLANG_WARN_INFINITE_RECURSION = YES;
				CLANG_WARN_INT_CONVERSION = YES;
				CLANG_WARN_OBJC_ROOT_CLASS = YES_ERROR;
				CLANG_WARN_SUSPICIOUS_MOVE = YES;
				CLANG_WARN_UNREACHABLE_CODE = YES;
				CLANG_WARN__DUPLICATE_METHOD_MATCH = YES;
				"CODE_SIGN_IDENTITY[sdk=iphoneos*]" = "iPhone Developer";
				COPY_PHASE_STRIP = NO;
				DEBUG_INFORMATION_FORMAT = dwarf;
				ENABLE_STRICT_OBJC_MSGSEND = YES;
				ENABLE_TESTABILITY = YES;
				GCC_C_LANGUAGE_STANDARD = gnu99;
				GCC_DYNAMIC_NO_PIC = NO;
				GCC_NO_COMMON_BLOCKS = YES;
				GCC_OPTIMIZATION_LEVEL = 0;
				GCC_PREPROCESSOR_DEFINITIONS = (
					"DEBUG=1",
					"$(inherited)",
				);
				GCC_WARN_64_TO_32_BIT_CONVERSION = YES;
				GCC_WARN_ABOUT_RETURN_TYPE = YES_ERROR;
				GCC_WARN_UNDECLARED_SELECTOR = YES;
				GCC_WARN_UNINITIALIZED_AUTOS = YES_AGGRESSIVE;
				GCC_WARN_UNUSED_FUNCTION = YES;
				GCC_WARN_UNUSED_VARIABLE = YES;
				IPHONEOS_DEPLOYMENT_TARGET = 10.2;
				MTL_ENABLE_DEBUG_INFO = YES;
				ONLY_ACTIVE_ARCH = YES;
				SDKROOT = iphoneos;
				SWIFT_ACTIVE_COMPILATION_CONDITIONS = DEBUG;
				SWIFT_OPTIMIZATION_LEVEL = "-Onone";
				TARGETED_DEVICE_FAMILY = "1,2";
			};
			name = Debug;
		};
		2BFCDC381E57D5BD000F135A /* Release */ = {
			isa = XCBuildConfiguration;
			buildSettings = {
				ALWAYS_SEARCH_USER_PATHS = NO;
				CLANG_ANALYZER_NONNULL = YES;
				CLANG_CXX_LANGUAGE_STANDARD = "gnu++0x";
				CLANG_CXX_LIBRARY = "libc++";
				CLANG_ENABLE_MODULES = YES;
				CLANG_ENABLE_OBJC_ARC = YES;
				CLANG_WARN_BOOL_CONVERSION = YES;
				CLANG_WARN_CONSTANT_CONVERSION = YES;
				CLANG_WARN_DIRECT_OBJC_ISA_USAGE = YES_ERROR;
				CLANG_WARN_DOCUMENTATION_COMMENTS = YES;
				CLANG_WARN_EMPTY_BODY = YES;
				CLANG_WARN_ENUM_CONVERSION = YES;
				CLANG_WARN_INFINITE_RECURSION = YES;
				CLANG_WARN_INT_CONVERSION = YES;
				CLANG_WARN_OBJC_ROOT_CLASS = YES_ERROR;
				CLANG_WARN_SUSPICIOUS_MOVE = YES;
				CLANG_WARN_UNREACHABLE_CODE = YES;
				CLANG_WARN__DUPLICATE_METHOD_MATCH = YES;
				"CODE_SIGN_IDENTITY[sdk=iphoneos*]" = "iPhone Developer";
				COPY_PHASE_STRIP = NO;
				DEBUG_INFORMATION_FORMAT = "dwarf-with-dsym";
				ENABLE_NS_ASSERTIONS = NO;
				ENABLE_STRICT_OBJC_MSGSEND = YES;
				GCC_C_LANGUAGE_STANDARD = gnu99;
				GCC_NO_COMMON_BLOCKS = YES;
				GCC_WARN_64_TO_32_BIT_CONVERSION = YES;
				GCC_WARN_ABOUT_RETURN_TYPE = YES_ERROR;
				GCC_WARN_UNDECLARED_SELECTOR = YES;
				GCC_WARN_UNINITIALIZED_AUTOS = YES_AGGRESSIVE;
				GCC_WARN_UNUSED_FUNCTION = YES;
				GCC_WARN_UNUSED_VARIABLE = YES;
				IPHONEOS_DEPLOYMENT_TARGET = 10.2;
				MTL_ENABLE_DEBUG_INFO = NO;
				SDKROOT = iphoneos;
				SWIFT_OPTIMIZATION_LEVEL = "-Owholemodule";
				TARGETED_DEVICE_FAMILY = "1,2";
				VALIDATE_PRODUCT = YES;
			};
			name = Release;
		};
		2BFCDC3A1E57D5BD000F135A /* Debug */ = {
			isa = XCBuildConfiguration;
			baseConfigurationReference = 1FE1118598F4994BC56564F2 /* Pods-DITAssessment.debug.xcconfig */;
			buildSettings = {
				ASSETCATALOG_COMPILER_APPICON_NAME = AppIcon;
				CODE_SIGN_IDENTITY = "iPhone Developer";
				"CODE_SIGN_IDENTITY[sdk=iphoneos*]" = "iPhone Developer";
				DEVELOPMENT_TEAM = S7KV3J2AMW;
				INFOPLIST_FILE = DITAssessment/Info.plist;
				LD_RUNPATH_SEARCH_PATHS = "$(inherited) @executable_path/Frameworks";
				PRODUCT_BUNDLE_IDENTIFIER = com.victorhong.DITAssessment;
				PRODUCT_NAME = "$(TARGET_NAME)";
				SWIFT_VERSION = 3.0;
			};
			name = Debug;
		};
		2BFCDC3B1E57D5BD000F135A /* Release */ = {
			isa = XCBuildConfiguration;
			baseConfigurationReference = FBD4867587BB641B8628E38D /* Pods-DITAssessment.release.xcconfig */;
			buildSettings = {
				ASSETCATALOG_COMPILER_APPICON_NAME = AppIcon;
				CODE_SIGN_IDENTITY = "iPhone Developer";
				"CODE_SIGN_IDENTITY[sdk=iphoneos*]" = "iPhone Developer";
				DEVELOPMENT_TEAM = S7KV3J2AMW;
				INFOPLIST_FILE = DITAssessment/Info.plist;
				LD_RUNPATH_SEARCH_PATHS = "$(inherited) @executable_path/Frameworks";
				PRODUCT_BUNDLE_IDENTIFIER = com.victorhong.DITAssessment;
				PRODUCT_NAME = "$(TARGET_NAME)";
				SWIFT_VERSION = 3.0;
			};
			name = Release;
		};
/* End XCBuildConfiguration section */

/* Begin XCConfigurationList section */
		2BFCDC1F1E57D5BD000F135A /* Build configuration list for PBXProject "DITAssessment" */ = {
			isa = XCConfigurationList;
			buildConfigurations = (
				2BFCDC371E57D5BD000F135A /* Debug */,
				2BFCDC381E57D5BD000F135A /* Release */,
			);
			defaultConfigurationIsVisible = 0;
			defaultConfigurationName = Release;
		};
		2BFCDC391E57D5BD000F135A /* Build configuration list for PBXNativeTarget "DITAssessment" */ = {
			isa = XCConfigurationList;
			buildConfigurations = (
				2BFCDC3A1E57D5BD000F135A /* Debug */,
				2BFCDC3B1E57D5BD000F135A /* Release */,
			);
			defaultConfigurationIsVisible = 0;
			defaultConfigurationName = Release;
		};
/* End XCConfigurationList section */

/* Begin XCVersionGroup section */
		2BFCDC2E1E57D5BD000F135A /* DITAssessment.xcdatamodeld */ = {
			isa = XCVersionGroup;
			children = (
				2BFCDC2F1E57D5BD000F135A /* DITAssessment.xcdatamodel */,
			);
			currentVersion = 2BFCDC2F1E57D5BD000F135A /* DITAssessment.xcdatamodel */;
			path = DITAssessment.xcdatamodeld;
			sourceTree = "<group>";
			versionGroupType = wrapper.xcdatamodel;
		};
/* End XCVersionGroup section */
	};
	rootObject = 2BFCDC1C1E57D5BD000F135A /* Project object */;
}
